# This file is autogenerated, do not edit; changes may be undone by the next 'dep ensure'.


[[projects]]
  branch = "master"
  name = "github.com/t3rm1n4l/go-humanize"
  packages = ["."]
  revision = "e7ed15be05eb554fbaa83ac9b335556d6390fb9f"

[[projects]]
  branch = "master"
  name = "github.com/t3rm1n4l/go-mega"
  packages = ["."]
  revision = "57978a63bd3f91fa7e188b751a7e7e6dd4e33813"

[solve-meta]
  analyzer-name = "dep"
  analyzer-version = 1
  inputs-digest = "92e551f65fcf7bb6495bdd56c208e3d557b2e2900fa684113072688b6080b661"
  solver-name = "gps-cdcl"
  solver-version = 1
